// !$*UTF8*$!
{
	archiveVersion = 1;
	classes = {
	};
	objectVersion = 46;
	objects = {

/* Begin PBXBuildFile section */
		6407C79F196A4D240088A171 /* PKRevealController.m in Sources */ = {isa = PBXBuildFile; fileRef = 6407C79A196A4D240088A171 /* PKRevealController.m */; };
		6407C7A0196A4D240088A171 /* PKRevealControllerContainerView.m in Sources */ = {isa = PBXBuildFile; fileRef = 6407C79C196A4D240088A171 /* PKRevealControllerContainerView.m */; };
		6407C7A1196A4D240088A171 /* UIViewController+PKRevealController.m in Sources */ = {isa = PBXBuildFile; fileRef = 6407C79E196A4D240088A171 /* UIViewController+PKRevealController.m */; };
		6407C7A9196A50990088A171 /* LeftViewController.m in Sources */ = {isa = PBXBuildFile; fileRef = 6407C7A8196A50990088A171 /* LeftViewController.m */; };
		6407C7AD196A51A50088A171 /* leftTableViewCell.m in Sources */ = {isa = PBXBuildFile; fileRef = 6407C7AC196A51A50088A171 /* leftTableViewCell.m */; };
		6407C7B2196A52420088A171 /* MainViewController.m in Sources */ = {isa = PBXBuildFile; fileRef = 6407C7B1196A52420088A171 /* MainViewController.m */; };
		640D3EEE19655A7300632D47 /* Foundation.framework in Frameworks */ = {isa = PBXBuildFile; fileRef = 640D3EED19655A7300632D47 /* Foundation.framework */; };
		640D3EF019655A7300632D47 /* CoreGraphics.framework in Frameworks */ = {isa = PBXBuildFile; fileRef = 640D3EEF19655A7300632D47 /* CoreGraphics.framework */; };
		640D3EF219655A7300632D47 /* UIKit.framework in Frameworks */ = {isa = PBXBuildFile; fileRef = 640D3EF119655A7300632D47 /* UIKit.framework */; };
		640D3EF819655A7300632D47 /* InfoPlist.strings in Resources */ = {isa = PBXBuildFile; fileRef = 640D3EF619655A7300632D47 /* InfoPlist.strings */; };
		640D3EFA19655A7300632D47 /* main.m in Sources */ = {isa = PBXBuildFile; fileRef = 640D3EF919655A7300632D47 /* main.m */; };
		640D3EFE19655A7300632D47 /* AppDelegate.m in Sources */ = {isa = PBXBuildFile; fileRef = 640D3EFD19655A7300632D47 /* AppDelegate.m */; };
		640D3F0119655A7300632D47 /* Main.storyboard in Resources */ = {isa = PBXBuildFile; fileRef = 640D3EFF19655A7300632D47 /* Main.storyboard */; };
		640D3F0619655A7300632D47 /* Images.xcassets in Resources */ = {isa = PBXBuildFile; fileRef = 640D3F0519655A7300632D47 /* Images.xcassets */; };
		640D3F0D19655A7300632D47 /* XCTest.framework in Frameworks */ = {isa = PBXBuildFile; fileRef = 640D3F0C19655A7300632D47 /* XCTest.framework */; };
		640D3F0E19655A7300632D47 /* Foundation.framework in Frameworks */ = {isa = PBXBuildFile; fileRef = 640D3EED19655A7300632D47 /* Foundation.framework */; };
		640D3F0F19655A7300632D47 /* UIKit.framework in Frameworks */ = {isa = PBXBuildFile; fileRef = 640D3EF119655A7300632D47 /* UIKit.framework */; };
		640D3F1719655A7300632D47 /* InfoPlist.strings in Resources */ = {isa = PBXBuildFile; fileRef = 640D3F1519655A7300632D47 /* InfoPlist.strings */; };
		640D3F1919655A7300632D47 /* SmartHomeRemoteControlTests.m in Sources */ = {isa = PBXBuildFile; fileRef = 640D3F1819655A7300632D47 /* SmartHomeRemoteControlTests.m */; };
/* End PBXBuildFile section */

/* Begin PBXContainerItemProxy section */
		640D3F1019655A7300632D47 /* PBXContainerItemProxy */ = {
			isa = PBXContainerItemProxy;
			containerPortal = 640D3EE219655A7200632D47 /* Project object */;
			proxyType = 1;
			remoteGlobalIDString = 640D3EE919655A7300632D47;
			remoteInfo = SmartHomeRemoteControl;
		};
/* End PBXContainerItemProxy section */

/* Begin PBXFileReference section */
		6407C799196A4D240088A171 /* PKRevealController.h */ = {isa = PBXFileReference; fileEncoding = 4; lastKnownFileType = sourcecode.c.h; name = PKRevealController.h; path = viewControllers/PKRevealController/PKRevealController.h; sourceTree = "<group>"; };
		6407C79A196A4D240088A171 /* PKRevealController.m */ = {isa = PBXFileReference; fileEncoding = 4; lastKnownFileType = sourcecode.c.objc; name = PKRevealController.m; path = viewControllers/PKRevealController/PKRevealController.m; sourceTree = "<group>"; };
		6407C79B196A4D240088A171 /* PKRevealControllerContainerView.h */ = {isa = PBXFileReference; fileEncoding = 4; lastKnownFileType = sourcecode.c.h; name = PKRevealControllerContainerView.h; path = viewControllers/PKRevealController/PKRevealControllerContainerView.h; sourceTree = "<group>"; };
		6407C79C196A4D240088A171 /* PKRevealControllerContainerView.m */ = {isa = PBXFileReference; fileEncoding = 4; lastKnownFileType = sourcecode.c.objc; name = PKRevealControllerContainerView.m; path = viewControllers/PKRevealController/PKRevealControllerContainerView.m; sourceTree = "<group>"; };
		6407C79D196A4D240088A171 /* UIViewController+PKRevealController.h */ = {isa = PBXFileReference; fileEncoding = 4; lastKnownFileType = sourcecode.c.h; name = "UIViewController+PKRevealController.h"; path = "viewControllers/PKRevealController/UIViewController+PKRevealController.h"; sourceTree = "<group>"; };
		6407C79E196A4D240088A171 /* UIViewController+PKRevealController.m */ = {isa = PBXFileReference; fileEncoding = 4; lastKnownFileType = sourcecode.c.objc; name = "UIViewController+PKRevealController.m"; path = "viewControllers/PKRevealController/UIViewController+PKRevealController.m"; sourceTree = "<group>"; };
		6407C7A7196A50990088A171 /* LeftViewController.h */ = {isa = PBXFileReference; fileEncoding = 4; lastKnownFileType = sourcecode.c.h; name = LeftViewController.h; path = viewControllers/LeftViewController/LeftViewController.h; sourceTree = "<group>"; };
		6407C7A8196A50990088A171 /* LeftViewController.m */ = {isa = PBXFileReference; fileEncoding = 4; lastKnownFileType = sourcecode.c.objc; name = LeftViewController.m; path = viewControllers/LeftViewController/LeftViewController.m; sourceTree = "<group>"; };
		6407C7AB196A51A50088A171 /* leftTableViewCell.h */ = {isa = PBXFileReference; fileEncoding = 4; lastKnownFileType = sourcecode.c.h; name = leftTableViewCell.h; path = views/leftTableViewCell.h; sourceTree = "<group>"; };
		6407C7AC196A51A50088A171 /* leftTableViewCell.m */ = {isa = PBXFileReference; fileEncoding = 4; lastKnownFileType = sourcecode.c.objc; name = leftTableViewCell.m; path = views/leftTableViewCell.m; sourceTree = "<group>"; };
		6407C7B0196A52420088A171 /* MainViewController.h */ = {isa = PBXFileReference; fileEncoding = 4; lastKnownFileType = sourcecode.c.h; name = MainViewController.h; path = viewControllers/MainViewController/MainViewController.h; sourceTree = "<group>"; };
		6407C7B1196A52420088A171 /* MainViewController.m */ = {isa = PBXFileReference; fileEncoding = 4; lastKnownFileType = sourcecode.c.objc; name = MainViewController.m; path = viewControllers/MainViewController/MainViewController.m; sourceTree = "<group>"; };
		6407C7B3196A66030088A171 /* common.h */ = {isa = PBXFileReference; lastKnownFileType = sourcecode.c.h; path = common.h; sourceTree = "<group>"; };
		6407C7B7196A696B0088A171 /* zh-Hans */ = {isa = PBXFileReference; lastKnownFileType = file.storyboard; name = "zh-Hans"; path = "zh-Hans.lproj/Main.storyboard"; sourceTree = "<group>"; };
		6407C7B8196A696B0088A171 /* zh-Hans */ = {isa = PBXFileReference; lastKnownFileType = text.plist.strings; name = "zh-Hans"; path = "zh-Hans.lproj/InfoPlist.strings"; sourceTree = "<group>"; };
		6407C7B9196A696B0088A171 /* zh-Hans */ = {isa = PBXFileReference; lastKnownFileType = text.plist.strings; name = "zh-Hans"; path = "zh-Hans.lproj/InfoPlist.strings"; sourceTree = "<group>"; };
		640D3EEA19655A7300632D47 /* SmartHomeRemoteControl.app */ = {isa = PBXFileReference; explicitFileType = wrapper.application; includeInIndex = 0; path = SmartHomeRemoteControl.app; sourceTree = BUILT_PRODUCTS_DIR; };
		640D3EED19655A7300632D47 /* Foundation.framework */ = {isa = PBXFileReference; lastKnownFileType = wrapper.framework; name = Foundation.framework; path = System/Library/Frameworks/Foundation.framework; sourceTree = SDKROOT; };
		640D3EEF19655A7300632D47 /* CoreGraphics.framework */ = {isa = PBXFileReference; lastKnownFileType = wrapper.framework; name = CoreGraphics.framework; path = System/Library/Frameworks/CoreGraphics.framework; sourceTree = SDKROOT; };
		640D3EF119655A7300632D47 /* UIKit.framework */ = {isa = PBXFileReference; lastKnownFileType = wrapper.framework; name = UIKit.framework; path = System/Library/Frameworks/UIKit.framework; sourceTree = SDKROOT; };
		640D3EF519655A7300632D47 /* SmartHomeRemoteControl-Info.plist */ = {isa = PBXFileReference; lastKnownFileType = text.plist.xml; path = "SmartHomeRemoteControl-Info.plist"; sourceTree = "<group>"; };
		640D3EF919655A7300632D47 /* main.m */ = {isa = PBXFileReference; lastKnownFileType = sourcecode.c.objc; path = main.m; sourceTree = "<group>"; };
		640D3EFB19655A7300632D47 /* SmartHomeRemoteControl-Prefix.pch */ = {isa = PBXFileReference; lastKnownFileType = sourcecode.c.h; path = "SmartHomeRemoteControl-Prefix.pch"; sourceTree = "<group>"; };
		640D3EFC19655A7300632D47 /* AppDelegate.h */ = {isa = PBXFileReference; lastKnownFileType = sourcecode.c.h; path = AppDelegate.h; sourceTree = "<group>"; };
		640D3EFD19655A7300632D47 /* AppDelegate.m */ = {isa = PBXFileReference; lastKnownFileType = sourcecode.c.objc; path = AppDelegate.m; sourceTree = "<group>"; };
		640D3F0519655A7300632D47 /* Images.xcassets */ = {isa = PBXFileReference; lastKnownFileType = folder.assetcatalog; path = Images.xcassets; sourceTree = "<group>"; };
		640D3F0B19655A7300632D47 /* SmartHomeRemoteControlTests.xctest */ = {isa = PBXFileReference; explicitFileType = wrapper.cfbundle; includeInIndex = 0; path = SmartHomeRemoteControlTests.xctest; sourceTree = BUILT_PRODUCTS_DIR; };
		640D3F0C19655A7300632D47 /* XCTest.framework */ = {isa = PBXFileReference; lastKnownFileType = wrapper.framework; name = XCTest.framework; path = Library/Frameworks/XCTest.framework; sourceTree = DEVELOPER_DIR; };
		640D3F1419655A7300632D47 /* SmartHomeRemoteControlTests-Info.plist */ = {isa = PBXFileReference; lastKnownFileType = text.plist.xml; path = "SmartHomeRemoteControlTests-Info.plist"; sourceTree = "<group>"; };
		640D3F1819655A7300632D47 /* SmartHomeRemoteControlTests.m */ = {isa = PBXFileReference; lastKnownFileType = sourcecode.c.objc; path = SmartHomeRemoteControlTests.m; sourceTree = "<group>"; };
/* End PBXFileReference section */

/* Begin PBXFrameworksBuildPhase section */
		640D3EE719655A7300632D47 /* Frameworks */ = {
			isa = PBXFrameworksBuildPhase;
			buildActionMask = 2147483647;
			files = (
				640D3EF019655A7300632D47 /* CoreGraphics.framework in Frameworks */,
				640D3EF219655A7300632D47 /* UIKit.framework in Frameworks */,
				640D3EEE19655A7300632D47 /* Foundation.framework in Frameworks */,
			);
			runOnlyForDeploymentPostprocessing = 0;
		};
		640D3F0819655A7300632D47 /* Frameworks */ = {
			isa = PBXFrameworksBuildPhase;
			buildActionMask = 2147483647;
			files = (
				640D3F0D19655A7300632D47 /* XCTest.framework in Frameworks */,
				640D3F0F19655A7300632D47 /* UIKit.framework in Frameworks */,
				640D3F0E19655A7300632D47 /* Foundation.framework in Frameworks */,
			);
			runOnlyForDeploymentPostprocessing = 0;
		};
/* End PBXFrameworksBuildPhase section */

/* Begin PBXGroup section */
		6407C797196A4CC00088A171 /* viewControllers */ = {
			isa = PBXGroup;
			children = (
				6407C7A6196A505D0088A171 /* LeftViewController */,
				6407C7A5196A4DD50088A171 /* MainViewController */,
				6407C798196A4CCD0088A171 /* PKRevealController */,
			);
			name = viewControllers;
			sourceTree = "<group>";
		};
		6407C798196A4CCD0088A171 /* PKRevealController */ = {
			isa = PBXGroup;
			children = (
				6407C799196A4D240088A171 /* PKRevealController.h */,
				6407C79A196A4D240088A171 /* PKRevealController.m */,
				6407C79B196A4D240088A171 /* PKRevealControllerContainerView.h */,
				6407C79C196A4D240088A171 /* PKRevealControllerContainerView.m */,
				6407C79D196A4D240088A171 /* UIViewController+PKRevealController.h */,
				6407C79E196A4D240088A171 /* UIViewController+PKRevealController.m */,
			);
			name = PKRevealController;
			sourceTree = "<group>";
		};
		6407C7A5196A4DD50088A171 /* MainViewController */ = {
			isa = PBXGroup;
			children = (
				6407C7B0196A52420088A171 /* MainViewController.h */,
				6407C7B1196A52420088A171 /* MainViewController.m */,
			);
			name = MainViewController;
			sourceTree = "<group>";
		};
		6407C7A6196A505D0088A171 /* LeftViewController */ = {
			isa = PBXGroup;
			children = (
				6407C7A7196A50990088A171 /* LeftViewController.h */,
				6407C7A8196A50990088A171 /* LeftViewController.m */,
			);
			name = LeftViewController;
			sourceTree = "<group>";
		};
		6407C7AA196A51550088A171 /* views */ = {
			isa = PBXGroup;
			children = (
				6407C7AE196A51AB0088A171 /* cells */,
			);
			name = views;
			sourceTree = "<group>";
		};
		6407C7AE196A51AB0088A171 /* cells */ = {
			isa = PBXGroup;
			children = (
				6407C7AF196A51C80088A171 /* leftTableViewCell */,
			);
			name = cells;
			sourceTree = "<group>";
		};
		6407C7AF196A51C80088A171 /* leftTableViewCell */ = {
			isa = PBXGroup;
			children = (
				6407C7AB196A51A50088A171 /* leftTableViewCell.h */,
				6407C7AC196A51A50088A171 /* leftTableViewCell.m */,
			);
			name = leftTableViewCell;
			sourceTree = "<group>";
		};
		640D3EE119655A7200632D47 = {
			isa = PBXGroup;
			children = (
				640D3EF319655A7300632D47 /* SmartHomeRemoteControl */,
				640D3F1219655A7300632D47 /* SmartHomeRemoteControlTests */,
				640D3EEC19655A7300632D47 /* Frameworks */,
				640D3EEB19655A7300632D47 /* Products */,
			);
			sourceTree = "<group>";
		};
		640D3EEB19655A7300632D47 /* Products */ = {
			isa = PBXGroup;
			children = (
				640D3EEA19655A7300632D47 /* SmartHomeRemoteControl.app */,
				640D3F0B19655A7300632D47 /* SmartHomeRemoteControlTests.xctest */,
			);
			name = Products;
			sourceTree = "<group>";
		};
		640D3EEC19655A7300632D47 /* Frameworks */ = {
			isa = PBXGroup;
			children = (
				640D3EED19655A7300632D47 /* Foundation.framework */,
				640D3EEF19655A7300632D47 /* CoreGraphics.framework */,
				640D3EF119655A7300632D47 /* UIKit.framework */,
				640D3F0C19655A7300632D47 /* XCTest.framework */,
			);
			name = Frameworks;
			sourceTree = "<group>";
		};
		640D3EF319655A7300632D47 /* SmartHomeRemoteControl */ = {
			isa = PBXGroup;
			children = (
				6407C7AA196A51550088A171 /* views */,
				6407C797196A4CC00088A171 /* viewControllers */,
				6407C7B3196A66030088A171 /* common.h */,
				640D3EFC19655A7300632D47 /* AppDelegate.h */,
				640D3EFD19655A7300632D47 /* AppDelegate.m */,
				640D3EFF19655A7300632D47 /* Main.storyboard */,
				640D3F0519655A7300632D47 /* Images.xcassets */,
				640D3EF419655A7300632D47 /* Supporting Files */,
			);
			path = SmartHomeRemoteControl;
			sourceTree = "<group>";
		};
		640D3EF419655A7300632D47 /* Supporting Files */ = {
			isa = PBXGroup;
			children = (
				640D3EF519655A7300632D47 /* SmartHomeRemoteControl-Info.plist */,
				640D3EF619655A7300632D47 /* InfoPlist.strings */,
				640D3EF919655A7300632D47 /* main.m */,
				640D3EFB19655A7300632D47 /* SmartHomeRemoteControl-Prefix.pch */,
			);
			name = "Supporting Files";
			sourceTree = "<group>";
		};
		640D3F1219655A7300632D47 /* SmartHomeRemoteControlTests */ = {
			isa = PBXGroup;
			children = (
				640D3F1819655A7300632D47 /* SmartHomeRemoteControlTests.m */,
				640D3F1319655A7300632D47 /* Supporting Files */,
			);
			path = SmartHomeRemoteControlTests;
			sourceTree = "<group>";
		};
		640D3F1319655A7300632D47 /* Supporting Files */ = {
			isa = PBXGroup;
			children = (
				640D3F1419655A7300632D47 /* SmartHomeRemoteControlTests-Info.plist */,
				640D3F1519655A7300632D47 /* InfoPlist.strings */,
			);
			name = "Supporting Files";
			sourceTree = "<group>";
		};
/* End PBXGroup section */

/* Begin PBXNativeTarget section */
		640D3EE919655A7300632D47 /* SmartHomeRemoteControl */ = {
			isa = PBXNativeTarget;
			buildConfigurationList = 640D3F1C19655A7300632D47 /* Build configuration list for PBXNativeTarget "SmartHomeRemoteControl" */;
			buildPhases = (
				640D3EE619655A7300632D47 /* Sources */,
				640D3EE719655A7300632D47 /* Frameworks */,
				640D3EE819655A7300632D47 /* Resources */,
			);
			buildRules = (
			);
			dependencies = (
			);
			name = SmartHomeRemoteControl;
			productName = SmartHomeRemoteControl;
			productReference = 640D3EEA19655A7300632D47 /* SmartHomeRemoteControl.app */;
			productType = "com.apple.product-type.application";
		};
		640D3F0A19655A7300632D47 /* SmartHomeRemoteControlTests */ = {
			isa = PBXNativeTarget;
			buildConfigurationList = 640D3F1F19655A7300632D47 /* Build configuration list for PBXNativeTarget "SmartHomeRemoteControlTests" */;
			buildPhases = (
				640D3F0719655A7300632D47 /* Sources */,
				640D3F0819655A7300632D47 /* Frameworks */,
				640D3F0919655A7300632D47 /* Resources */,
			);
			buildRules = (
			);
			dependencies = (
				640D3F1119655A7300632D47 /* PBXTargetDependency */,
			);
			name = SmartHomeRemoteControlTests;
			productName = SmartHomeRemoteControlTests;
			productReference = 640D3F0B19655A7300632D47 /* SmartHomeRemoteControlTests.xctest */;
			productType = "com.apple.product-type.bundle.unit-test";
		};
/* End PBXNativeTarget section */

/* Begin PBXProject section */
		640D3EE219655A7200632D47 /* Project object */ = {
			isa = PBXProject;
			attributes = {
				LastUpgradeCheck = 0510;
				ORGANIZATIONNAME = Monster;
				TargetAttributes = {
					640D3F0A19655A7300632D47 = {
						TestTargetID = 640D3EE919655A7300632D47;
					};
				};
			};
			buildConfigurationList = 640D3EE519655A7200632D47 /* Build configuration list for PBXProject "SmartHomeRemoteControl" */;
			compatibilityVersion = "Xcode 3.2";
			developmentRegion = English;
			hasScannedForEncodings = 0;
			knownRegions = (
				en,
				Base,
				"zh-Hans",
			);
			mainGroup = 640D3EE119655A7200632D47;
			productRefGroup = 640D3EEB19655A7300632D47 /* Products */;
			projectDirPath = "";
			projectRoot = "";
			targets = (
				640D3EE919655A7300632D47 /* SmartHomeRemoteControl */,
				640D3F0A19655A7300632D47 /* SmartHomeRemoteControlTests */,
			);
		};
/* End PBXProject section */

/* Begin PBXResourcesBuildPhase section */
		640D3EE819655A7300632D47 /* Resources */ = {
			isa = PBXResourcesBuildPhase;
			buildActionMask = 2147483647;
			files = (
				640D3F0619655A7300632D47 /* Images.xcassets in Resources */,
				640D3EF819655A7300632D47 /* InfoPlist.strings in Resources */,
				640D3F0119655A7300632D47 /* Main.storyboard in Resources */,
			);
			runOnlyForDeploymentPostprocessing = 0;
		};
		640D3F0919655A7300632D47 /* Resources */ = {
			isa = PBXResourcesBuildPhase;
			buildActionMask = 2147483647;
			files = (
				640D3F1719655A7300632D47 /* InfoPlist.strings in Resources */,
			);
			runOnlyForDeploymentPostprocessing = 0;
		};
/* End PBXResourcesBuildPhase section */

/* Begin PBXSourcesBuildPhase section */
		640D3EE619655A7300632D47 /* Sources */ = {
			isa = PBXSourcesBuildPhase;
			buildActionMask = 2147483647;
			files = (
				6407C7A9196A50990088A171 /* LeftViewController.m in Sources */,
				6407C79F196A4D240088A171 /* PKRevealController.m in Sources */,
				6407C7AD196A51A50088A171 /* leftTableViewCell.m in Sources */,
				6407C7B2196A52420088A171 /* MainViewController.m in Sources */,
				6407C7A0196A4D240088A171 /* PKRevealControllerContainerView.m in Sources */,
				640D3EFE19655A7300632D47 /* AppDelegate.m in Sources */,
				6407C7A1196A4D240088A171 /* UIViewController+PKRevealController.m in Sources */,
				640D3EFA19655A7300632D47 /* main.m in Sources */,
			);
			runOnlyForDeploymentPostprocessing = 0;
		};
		640D3F0719655A7300632D47 /* Sources */ = {
			isa = PBXSourcesBuildPhase;
			buildActionMask = 2147483647;
			files = (
				640D3F1919655A7300632D47 /* SmartHomeRemoteControlTests.m in Sources */,
			);
			runOnlyForDeploymentPostprocessing = 0;
		};
/* End PBXSourcesBuildPhase section */

/* Begin PBXTargetDependency section */
		640D3F1119655A7300632D47 /* PBXTargetDependency */ = {
			isa = PBXTargetDependency;
			target = 640D3EE919655A7300632D47 /* SmartHomeRemoteControl */;
			targetProxy = 640D3F1019655A7300632D47 /* PBXContainerItemProxy */;
		};
/* End PBXTargetDependency section */

/* Begin PBXVariantGroup section */
		640D3EF619655A7300632D47 /* InfoPlist.strings */ = {
			isa = PBXVariantGroup;
			children = (
				6407C7B8196A696B0088A171 /* zh-Hans */,
			);
			name = InfoPlist.strings;
			sourceTree = "<group>";
		};
		640D3EFF19655A7300632D47 /* Main.storyboard */ = {
			isa = PBXVariantGroup;
			children = (
				6407C7B7196A696B0088A171 /* zh-Hans */,
			);
			name = Main.storyboard;
			sourceTree = "<group>";
		};
		640D3F1519655A7300632D47 /* InfoPlist.strings */ = {
			isa = PBXVariantGroup;
			children = (
				6407C7B9196A696B0088A171 /* zh-Hans */,
			);
			name = InfoPlist.strings;
			sourceTree = "<group>";
		};
/* End PBXVariantGroup section */

/* Begin XCBuildConfiguration section */
		640D3F1A19655A7300632D47 /* Debug */ = {
			isa = XCBuildConfiguration;
			buildSettings = {
				ALWAYS_SEARCH_USER_PATHS = NO;
				CLANG_CXX_LANGUAGE_STANDARD = "gnu++0x";
				CLANG_CXX_LIBRARY = "libc++";
				CLANG_ENABLE_MODULES = YES;
				CLANG_ENABLE_OBJC_ARC = YES;
				CLANG_WARN_BOOL_CONVERSION = YES;
				CLANG_WARN_CONSTANT_CONVERSION = YES;
				CLANG_WARN_DIRECT_OBJC_ISA_USAGE = YES_ERROR;
				CLANG_WARN_EMPTY_BODY = YES;
				CLANG_WARN_ENUM_CONVERSION = YES;
				CLANG_WARN_INT_CONVERSION = YES;
				CLANG_WARN_OBJC_ROOT_CLASS = YES_ERROR;
				CLANG_WARN__DUPLICATE_METHOD_MATCH = YES;
				"CODE_SIGN_IDENTITY[sdk=iphoneos*]" = "iPhone Developer";
				COPY_PHASE_STRIP = NO;
				GCC_C_LANGUAGE_STANDARD = gnu99;
				GCC_DYNAMIC_NO_PIC = NO;
				GCC_OPTIMIZATION_LEVEL = 0;
				GCC_PREPROCESSOR_DEFINITIONS = (
					"DEBUG=1",
					"$(inherited)",
				);
				GCC_SYMBOLS_PRIVATE_EXTERN = NO;
				GCC_WARN_64_TO_32_BIT_CONVERSION = YES;
				GCC_WARN_ABOUT_RETURN_TYPE = YES_ERROR;
				GCC_WARN_UNDECLARED_SELECTOR = YES;
				GCC_WARN_UNINITIALIZED_AUTOS = YES_AGGRESSIVE;
				GCC_WARN_UNUSED_FUNCTION = YES;
				GCC_WARN_UNUSED_VARIABLE = YES;
				IPHONEOS_DEPLOYMENT_TARGET = 7.1;
				ONLY_ACTIVE_ARCH = YES;
				SDKROOT = iphoneos;
			};
			name = Debug;
		};
		640D3F1B19655A7300632D47 /* Release */ = {
			isa = XCBuildConfiguration;
			buildSettings = {
				ALWAYS_SEARCH_USER_PATHS = NO;
				CLANG_CXX_LANGUAGE_STANDARD = "gnu++0x";
				CLANG_CXX_LIBRARY = "libc++";
				CLANG_ENABLE_MODULES = YES;
				CLANG_ENABLE_OBJC_ARC = YES;
				CLANG_WARN_BOOL_CONVERSION = YES;
				CLANG_WARN_CONSTANT_CONVERSION = YES;
				CLANG_WARN_DIRECT_OBJC_ISA_USAGE = YES_ERROR;
				CLANG_WARN_EMPTY_BODY = YES;
				CLANG_WARN_ENUM_CONVERSION = YES;
				CLANG_WARN_INT_CONVERSION = YES;
				CLANG_WARN_OBJC_ROOT_CLASS = YES_ERROR;
				CLANG_WARN__DUPLICATE_METHOD_MATCH = YES;
				"CODE_SIGN_IDENTITY[sdk=iphoneos*]" = "iPhone Developer";
				COPY_PHASE_STRIP = YES;
				ENABLE_NS_ASSERTIONS = NO;
				GCC_C_LANGUAGE_STANDARD = gnu99;
				GCC_WARN_64_TO_32_BIT_CONVERSION = YES;
				GCC_WARN_ABOUT_RETURN_TYPE = YES_ERROR;
				GCC_WARN_UNDECLARED_SELECTOR = YES;
				GCC_WARN_UNINITIALIZED_AUTOS = YES_AGGRESSIVE;
				GCC_WARN_UNUSED_FUNCTION = YES;
				GCC_WARN_UNUSED_VARIABLE = YES;
				IPHONEOS_DEPLOYMENT_TARGET = 7.1;
				SDKROOT = iphoneos;
				VALIDATE_PRODUCT = YES;
			};
			name = Release;
		};
		640D3F1D19655A7300632D47 /* Debug */ = {
			isa = XCBuildConfiguration;
			buildSettings = {
				ASSETCATALOG_COMPILER_APPICON_NAME = AppIcon;
				ASSETCATALOG_COMPILER_LAUNCHIMAGE_NAME = LaunchImage;
				GCC_PRECOMPILE_PREFIX_HEADER = YES;
				GCC_PREFIX_HEADER = "SmartHomeRemoteControl/SmartHomeRemoteControl-Prefix.pch";
				INFOPLIST_FILE = "SmartHomeRemoteControl/SmartHomeRemoteControl-Info.plist";
				PRODUCT_NAME = "$(TARGET_NAME)";
				WRAPPER_EXTENSION = app;
			};
			name = Debug;
		};
		640D3F1E19655A7300632D47 /* Release */ = {
			isa = XCBuildConfiguration;
			buildSettings = {
				ASSETCATALOG_COMPILER_APPICON_NAME = AppIcon;
				ASSETCATALOG_COMPILER_LAUNCHIMAGE_NAME = LaunchImage;
				GCC_PRECOMPILE_PREFIX_HEADER = YES;
				GCC_PREFIX_HEADER = "SmartHomeRemoteControl/SmartHomeRemoteControl-Prefix.pch";
				INFOPLIST_FILE = "SmartHomeRemoteControl/SmartHomeRemoteControl-Info.plist";
				PRODUCT_NAME = "$(TARGET_NAME)";
				WRAPPER_EXTENSION = app;
			};
			name = Release;
		};
		640D3F2019655A7300632D47 /* Debug */ = {
			isa = XCBuildConfiguration;
			buildSettings = {
				BUNDLE_LOADER = "$(BUILT_PRODUCTS_DIR)/SmartHomeRemoteControl.app/SmartHomeRemoteControl";
				FRAMEWORK_SEARCH_PATHS = (
					"$(SDKROOT)/Developer/Library/Frameworks",
					"$(inherited)",
					"$(DEVELOPER_FRAMEWORKS_DIR)",
				);
				GCC_PRECOMPILE_PREFIX_HEADER = YES;
				GCC_PREFIX_HEADER = "SmartHomeRemoteControl/SmartHomeRemoteControl-Prefix.pch";
				GCC_PREPROCESSOR_DEFINITIONS = (
					"DEBUG=1",
					"$(inherited)",
				);
				INFOPLIST_FILE = "SmartHomeRemoteControlTests/SmartHomeRemoteControlTests-Info.plist";
				PRODUCT_NAME = "$(TARGET_NAME)";
				TEST_HOST = "$(BUNDLE_LOADER)";
				WRAPPER_EXTENSION = xctest;
			};
			name = Debug;
		};
		640D3F2119655A7300632D47 /* Release */ = {
			isa = XCBuildConfiguration;
			buildSettings = {
				BUNDLE_LOADER = "$(BUILT_PRODUCTS_DIR)/SmartHomeRemoteControl.app/SmartHomeRemoteControl";
				FRAMEWORK_SEARCH_PATHS = (
					"$(SDKROOT)/Developer/Library/Frameworks",
					"$(inherited)",
					"$(DEVELOPER_FRAMEWORKS_DIR)",
				);
				GCC_PRECOMPILE_PREFIX_HEADER = YES;
				GCC_PREFIX_HEADER = "SmartHomeRemoteControl/SmartHomeRemoteControl-Prefix.pch";
				INFOPLIST_FILE = "SmartHomeRemoteControlTests/SmartHomeRemoteControlTests-Info.plist";
				PRODUCT_NAME = "$(TARGET_NAME)";
				TEST_HOST = "$(BUNDLE_LOADER)";
				WRAPPER_EXTENSION = xctest;
			};
			name = Release;
		};
/* End XCBuildConfiguration section */

/* Begin XCConfigurationList section */
		640D3EE519655A7200632D47 /* Build configuration list for PBXProject "SmartHomeRemoteControl" */ = {
			isa = XCConfigurationList;
			buildConfigurations = (
				640D3F1A19655A7300632D47 /* Debug */,
				640D3F1B19655A7300632D47 /* Release */,
			);
			defaultConfigurationIsVisible = 0;
			defaultConfigurationName = Release;
		};
		640D3F1C19655A7300632D47 /* Build configuration list for PBXNativeTarget "SmartHomeRemoteControl" */ = {
			isa = XCConfigurationList;
			buildConfigurations = (
				640D3F1D19655A7300632D47 /* Debug */,
				640D3F1E19655A7300632D47 /* Release */,
			);
			defaultConfigurationIsVisible = 0;
			defaultConfigurationName = Release;
		};
		640D3F1F19655A7300632D47 /* Build configuration list for PBXNativeTarget "SmartHomeRemoteControlTests" */ = {
			isa = XCConfigurationList;
			buildConfigurations = (
				640D3F2019655A7300632D47 /* Debug */,
				640D3F2119655A7300632D47 /* Release */,
			);
			defaultConfigurationIsVisible = 0;
			defaultConfigurationName = Release;
		};
/* End XCConfigurationList section */
	};
	rootObject = 640D3EE219655A7200632D47 /* Project object */;
}
